// !$*UTF8*$!
{
	archiveVersion = 1;
	classes = {
	};
	objectVersion = 46;
	objects = {

/* Begin PBXBuildFile section */
		131F95C01C8296B00078F291 /* ToppingsViewController.swift in Sources */ = {isa = PBXBuildFile; fileRef = 131F95BF1C8296B00078F291 /* ToppingsViewController.swift */; };
		490FC8E41C86483200BDB42E /* Interface.storyboard in Resources */ = {isa = PBXBuildFile; fileRef = 490FC8E21C86483200BDB42E /* Interface.storyboard */; };
		490FC8E61C86483200BDB42E /* Assets.xcassets in Resources */ = {isa = PBXBuildFile; fileRef = 490FC8E51C86483200BDB42E /* Assets.xcassets */; };
		490FC8ED1C86483200BDB42E /* PizzaWatchOS Extension.appex in Embed App Extensions */ = {isa = PBXBuildFile; fileRef = 490FC8EC1C86483200BDB42E /* PizzaWatchOS Extension.appex */; settings = {ATTRIBUTES = (RemoveHeadersOnCopy, ); }; };
		490FC8F21C86483200BDB42E /* MainInterfaceController.swift in Sources */ = {isa = PBXBuildFile; fileRef = 490FC8F11C86483200BDB42E /* MainInterfaceController.swift */; };
		490FC8F41C86483200BDB42E /* ExtensionDelegate.swift in Sources */ = {isa = PBXBuildFile; fileRef = 490FC8F31C86483200BDB42E /* ExtensionDelegate.swift */; };
		490FC8F61C86483200BDB42E /* Assets.xcassets in Resources */ = {isa = PBXBuildFile; fileRef = 490FC8F51C86483200BDB42E /* Assets.xcassets */; };
		490FC8FA1C86483200BDB42E /* PizzaWatchOS.app in Embed Watch Content */ = {isa = PBXBuildFile; fileRef = 490FC8E01C86483200BDB42E /* PizzaWatchOS.app */; };
		490FC9031C864CF600BDB42E /* Data.swift in Sources */ = {isa = PBXBuildFile; fileRef = 49AAFA361C82058E0094E4AF /* Data.swift */; };
		490FC9041C864CFA00BDB42E /* Pizza.swift in Sources */ = {isa = PBXBuildFile; fileRef = 495175FE1C81323600640007 /* Pizza.swift */; };
		490FC9061C86502E00BDB42E /* SizeInterfaceController.swift in Sources */ = {isa = PBXBuildFile; fileRef = 490FC9051C86502E00BDB42E /* SizeInterfaceController.swift */; };
		490FC9081C868ACC00BDB42E /* MassInterfaceController.swift in Sources */ = {isa = PBXBuildFile; fileRef = 490FC9071C868ACC00BDB42E /* MassInterfaceController.swift */; };
		490FC90A1C86916A00BDB42E /* CheeseInterfaceController.swift in Sources */ = {isa = PBXBuildFile; fileRef = 490FC9091C86916A00BDB42E /* CheeseInterfaceController.swift */; };
		490FC90C1C86963D00BDB42E /* ToppingsInterfaceController.swift in Sources */ = {isa = PBXBuildFile; fileRef = 490FC90B1C86963D00BDB42E /* ToppingsInterfaceController.swift */; };
		4912CAAA1C87448000FA2EB3 /* ToppingsTableRowController.swift in Sources */ = {isa = PBXBuildFile; fileRef = 4912CAA91C87448000FA2EB3 /* ToppingsTableRowController.swift */; };
		4912CAAC1C879EB000FA2EB3 /* ConfirmInterfaceController.swift in Sources */ = {isa = PBXBuildFile; fileRef = 4912CAAB1C879EB000FA2EB3 /* ConfirmInterfaceController.swift */; };
		4912CAB21C87D8C500FA2EB3 /* FinishInterfaceController.swift in Sources */ = {isa = PBXBuildFile; fileRef = 4912CAB11C87D8C500FA2EB3 /* FinishInterfaceController.swift */; };
		49366C751C84D85600CAA985 /* ConfirmViewController.swift in Sources */ = {isa = PBXBuildFile; fileRef = 49366C741C84D85600CAA985 /* ConfirmViewController.swift */; };
		495175E51C81240800640007 /* AppDelegate.swift in Sources */ = {isa = PBXBuildFile; fileRef = 495175E41C81240800640007 /* AppDelegate.swift */; };
		495175E71C81240800640007 /* MainViewController.swift in Sources */ = {isa = PBXBuildFile; fileRef = 495175E61C81240800640007 /* MainViewController.swift */; };
		495175EA1C81240800640007 /* Main.storyboard in Resources */ = {isa = PBXBuildFile; fileRef = 495175E81C81240800640007 /* Main.storyboard */; };
		495175EC1C81240800640007 /* Assets.xcassets in Resources */ = {isa = PBXBuildFile; fileRef = 495175EB1C81240800640007 /* Assets.xcassets */; };
		495175EF1C81240800640007 /* LaunchScreen.storyboard in Resources */ = {isa = PBXBuildFile; fileRef = 495175ED1C81240800640007 /* LaunchScreen.storyboard */; };
		495175F81C8130A600640007 /* SizeViewController.swift in Sources */ = {isa = PBXBuildFile; fileRef = 495175F71C8130A600640007 /* SizeViewController.swift */; };
		495175FA1C81311500640007 /* MassViewController.swift in Sources */ = {isa = PBXBuildFile; fileRef = 495175F91C81311500640007 /* MassViewController.swift */; };
		495175FC1C81315300640007 /* CheeseViewController.swift in Sources */ = {isa = PBXBuildFile; fileRef = 495175FB1C81315300640007 /* CheeseViewController.swift */; };
		495175FF1C81323600640007 /* Pizza.swift in Sources */ = {isa = PBXBuildFile; fileRef = 495175FE1C81323600640007 /* Pizza.swift */; };
		49AAFA371C82058E0094E4AF /* Data.swift in Sources */ = {isa = PBXBuildFile; fileRef = 49AAFA361C82058E0094E4AF /* Data.swift */; };
/* End PBXBuildFile section */

/* Begin PBXContainerItemProxy section */
		490FC8EE1C86483200BDB42E /* PBXContainerItemProxy */ = {
			isa = PBXContainerItemProxy;
			containerPortal = 495175D91C81240800640007 /* Project object */;
			proxyType = 1;
			remoteGlobalIDString = 490FC8EB1C86483200BDB42E;
			remoteInfo = "PizzaWatchOS Extension";
		};
		490FC8F81C86483200BDB42E /* PBXContainerItemProxy */ = {
			isa = PBXContainerItemProxy;
			containerPortal = 495175D91C81240800640007 /* Project object */;
			proxyType = 1;
			remoteGlobalIDString = 490FC8DF1C86483200BDB42E;
			remoteInfo = PizzaWatchOS;
		};
/* End PBXContainerItemProxy section */

/* Begin PBXCopyFilesBuildPhase section */
		490FC9001C86483200BDB42E /* Embed App Extensions */ = {
			isa = PBXCopyFilesBuildPhase;
			buildActionMask = 2147483647;
			dstPath = "";
			dstSubfolderSpec = 13;
			files = (
				490FC8ED1C86483200BDB42E /* PizzaWatchOS Extension.appex in Embed App Extensions */,
			);
			name = "Embed App Extensions";
			runOnlyForDeploymentPostprocessing = 0;
		};
		490FC9021C86483200BDB42E /* Embed Watch Content */ = {
			isa = PBXCopyFilesBuildPhase;
			buildActionMask = 2147483647;
			dstPath = "$(CONTENTS_FOLDER_PATH)/Watch";
			dstSubfolderSpec = 16;
			files = (
				490FC8FA1C86483200BDB42E /* PizzaWatchOS.app in Embed Watch Content */,
			);
			name = "Embed Watch Content";
			runOnlyForDeploymentPostprocessing = 0;
		};
/* End PBXCopyFilesBuildPhase section */

/* Begin PBXFileReference section */
		131F95BF1C8296B00078F291 /* ToppingsViewController.swift */ = {isa = PBXFileReference; fileEncoding = 4; lastKnownFileType = sourcecode.swift; path = ToppingsViewController.swift; sourceTree = "<group>"; };
		490FC8E01C86483200BDB42E /* PizzaWatchOS.app */ = {isa = PBXFileReference; explicitFileType = wrapper.application; includeInIndex = 0; path = PizzaWatchOS.app; sourceTree = BUILT_PRODUCTS_DIR; };
		490FC8E31C86483200BDB42E /* Base */ = {isa = PBXFileReference; lastKnownFileType = file.storyboard; name = Base; path = Base.lproj/Interface.storyboard; sourceTree = "<group>"; };
		490FC8E51C86483200BDB42E /* Assets.xcassets */ = {isa = PBXFileReference; lastKnownFileType = folder.assetcatalog; path = Assets.xcassets; sourceTree = "<group>"; };
		490FC8E71C86483200BDB42E /* Info.plist */ = {isa = PBXFileReference; lastKnownFileType = text.plist.xml; path = Info.plist; sourceTree = "<group>"; };
		490FC8EC1C86483200BDB42E /* PizzaWatchOS Extension.appex */ = {isa = PBXFileReference; explicitFileType = "wrapper.app-extension"; includeInIndex = 0; path = "PizzaWatchOS Extension.appex"; sourceTree = BUILT_PRODUCTS_DIR; };
		490FC8F11C86483200BDB42E /* MainInterfaceController.swift */ = {isa = PBXFileReference; lastKnownFileType = sourcecode.swift; path = MainInterfaceController.swift; sourceTree = "<group>"; };
		490FC8F31C86483200BDB42E /* ExtensionDelegate.swift */ = {isa = PBXFileReference; lastKnownFileType = sourcecode.swift; path = ExtensionDelegate.swift; sourceTree = "<group>"; };
		490FC8F51C86483200BDB42E /* Assets.xcassets */ = {isa = PBXFileReference; lastKnownFileType = folder.assetcatalog; path = Assets.xcassets; sourceTree = "<group>"; };
		490FC8F71C86483200BDB42E /* Info.plist */ = {isa = PBXFileReference; lastKnownFileType = text.plist.xml; path = Info.plist; sourceTree = "<group>"; };
		490FC9051C86502E00BDB42E /* SizeInterfaceController.swift */ = {isa = PBXFileReference; fileEncoding = 4; lastKnownFileType = sourcecode.swift; path = SizeInterfaceController.swift; sourceTree = "<group>"; };
		490FC9071C868ACC00BDB42E /* MassInterfaceController.swift */ = {isa = PBXFileReference; fileEncoding = 4; lastKnownFileType = sourcecode.swift; path = MassInterfaceController.swift; sourceTree = "<group>"; };
		490FC9091C86916A00BDB42E /* CheeseInterfaceController.swift */ = {isa = PBXFileReference; fileEncoding = 4; lastKnownFileType = sourcecode.swift; path = CheeseInterfaceController.swift; sourceTree = "<group>"; };
		490FC90B1C86963D00BDB42E /* ToppingsInterfaceController.swift */ = {isa = PBXFileReference; fileEncoding = 4; lastKnownFileType = sourcecode.swift; path = ToppingsInterfaceController.swift; sourceTree = "<group>"; };
		4912CAA91C87448000FA2EB3 /* ToppingsTableRowController.swift */ = {isa = PBXFileReference; fileEncoding = 4; lastKnownFileType = sourcecode.swift; path = ToppingsTableRowController.swift; sourceTree = "<group>"; };
		4912CAAB1C879EB000FA2EB3 /* ConfirmInterfaceController.swift */ = {isa = PBXFileReference; fileEncoding = 4; lastKnownFileType = sourcecode.swift; path = ConfirmInterfaceController.swift; sourceTree = "<group>"; };
		4912CAB11C87D8C500FA2EB3 /* FinishInterfaceController.swift */ = {isa = PBXFileReference; fileEncoding = 4; lastKnownFileType = sourcecode.swift; path = FinishInterfaceController.swift; sourceTree = "<group>"; };
		49366C741C84D85600CAA985 /* ConfirmViewController.swift */ = {isa = PBXFileReference; fileEncoding = 4; lastKnownFileType = sourcecode.swift; path = ConfirmViewController.swift; sourceTree = "<group>"; };
		495175E11C81240800640007 /* Pizza.app */ = {isa = PBXFileReference; explicitFileType = wrapper.application; includeInIndex = 0; path = Pizza.app; sourceTree = BUILT_PRODUCTS_DIR; };
		495175E41C81240800640007 /* AppDelegate.swift */ = {isa = PBXFileReference; lastKnownFileType = sourcecode.swift; path = AppDelegate.swift; sourceTree = "<group>"; };
		495175E61C81240800640007 /* MainViewController.swift */ = {isa = PBXFileReference; lastKnownFileType = sourcecode.swift; name = MainViewController.swift; path = Pizza/MainViewController.swift; sourceTree = "<group>"; };
		495175E91C81240800640007 /* Base */ = {isa = PBXFileReference; lastKnownFileType = file.storyboard; name = Base; path = Base.lproj/Main.storyboard; sourceTree = "<group>"; };
		495175EB1C81240800640007 /* Assets.xcassets */ = {isa = PBXFileReference; lastKnownFileType = folder.assetcatalog; path = Assets.xcassets; sourceTree = "<group>"; };
		495175EE1C81240800640007 /* Base */ = {isa = PBXFileReference; lastKnownFileType = file.storyboard; name = Base; path = Base.lproj/LaunchScreen.storyboard; sourceTree = "<group>"; };
		495175F01C81240800640007 /* Info.plist */ = {isa = PBXFileReference; lastKnownFileType = text.plist.xml; path = Info.plist; sourceTree = "<group>"; };
		495175F71C8130A600640007 /* SizeViewController.swift */ = {isa = PBXFileReference; fileEncoding = 4; lastKnownFileType = sourcecode.swift; path = SizeViewController.swift; sourceTree = "<group>"; };
		495175F91C81311500640007 /* MassViewController.swift */ = {isa = PBXFileReference; fileEncoding = 4; lastKnownFileType = sourcecode.swift; path = MassViewController.swift; sourceTree = "<group>"; };
		495175FB1C81315300640007 /* CheeseViewController.swift */ = {isa = PBXFileReference; fileEncoding = 4; lastKnownFileType = sourcecode.swift; path = CheeseViewController.swift; sourceTree = "<group>"; };
		495175FE1C81323600640007 /* Pizza.swift */ = {isa = PBXFileReference; fileEncoding = 4; lastKnownFileType = sourcecode.swift; path = Pizza.swift; sourceTree = "<group>"; };
		49AAFA361C82058E0094E4AF /* Data.swift */ = {isa = PBXFileReference; fileEncoding = 4; lastKnownFileType = sourcecode.swift; path = Data.swift; sourceTree = "<group>"; };
/* End PBXFileReference section */

/* Begin PBXFrameworksBuildPhase section */
		490FC8E91C86483200BDB42E /* Frameworks */ = {
			isa = PBXFrameworksBuildPhase;
			buildActionMask = 2147483647;
			files = (
			);
			runOnlyForDeploymentPostprocessing = 0;
		};
		495175DE1C81240800640007 /* Frameworks */ = {
			isa = PBXFrameworksBuildPhase;
			buildActionMask = 2147483647;
			files = (
			);
			runOnlyForDeploymentPostprocessing = 0;
		};
/* End PBXFrameworksBuildPhase section */

/* Begin PBXGroup section */
		490FC8E11C86483200BDB42E /* PizzaWatchOS */ = {
			isa = PBXGroup;
			children = (
				490FC8E21C86483200BDB42E /* Interface.storyboard */,
				490FC8E51C86483200BDB42E /* Assets.xcassets */,
				490FC8E71C86483200BDB42E /* Info.plist */,
			);
			path = PizzaWatchOS;
			sourceTree = "<group>";
		};
		490FC8F01C86483200BDB42E /* PizzaWatchOS Extension */ = {
			isa = PBXGroup;
			children = (
				490FC8F31C86483200BDB42E /* ExtensionDelegate.swift */,
				490FC8F51C86483200BDB42E /* Assets.xcassets */,
				490FC8F71C86483200BDB42E /* Info.plist */,
				490FC8F11C86483200BDB42E /* MainInterfaceController.swift */,
				490FC9051C86502E00BDB42E /* SizeInterfaceController.swift */,
				490FC9071C868ACC00BDB42E /* MassInterfaceController.swift */,
				490FC9091C86916A00BDB42E /* CheeseInterfaceController.swift */,
				490FC90B1C86963D00BDB42E /* ToppingsInterfaceController.swift */,
				4912CAAB1C879EB000FA2EB3 /* ConfirmInterfaceController.swift */,
				4912CAA91C87448000FA2EB3 /* ToppingsTableRowController.swift */,
				4912CAB11C87D8C500FA2EB3 /* FinishInterfaceController.swift */,
			);
			path = "PizzaWatchOS Extension";
			sourceTree = "<group>";
		};
		495175D81C81240800640007 = {
			isa = PBXGroup;
			children = (
				495175FD1C81321000640007 /* Models */,
				495175F61C81301A00640007 /* Controllers */,
				495175E31C81240800640007 /* Pizza */,
				490FC8E11C86483200BDB42E /* PizzaWatchOS */,
				490FC8F01C86483200BDB42E /* PizzaWatchOS Extension */,
				495175E21C81240800640007 /* Products */,
			);
			sourceTree = "<group>";
		};
		495175E21C81240800640007 /* Products */ = {
			isa = PBXGroup;
			children = (
				495175E11C81240800640007 /* Pizza.app */,
				490FC8E01C86483200BDB42E /* PizzaWatchOS.app */,
				490FC8EC1C86483200BDB42E /* PizzaWatchOS Extension.appex */,
			);
			name = Products;
			sourceTree = "<group>";
		};
		495175E31C81240800640007 /* Pizza */ = {
			isa = PBXGroup;
			children = (
				495175E41C81240800640007 /* AppDelegate.swift */,
				495175E81C81240800640007 /* Main.storyboard */,
				495175EB1C81240800640007 /* Assets.xcassets */,
				495175ED1C81240800640007 /* LaunchScreen.storyboard */,
				495175F01C81240800640007 /* Info.plist */,
			);
			path = Pizza;
			sourceTree = "<group>";
		};
		495175F61C81301A00640007 /* Controllers */ = {
			isa = PBXGroup;
			children = (
				495175E61C81240800640007 /* MainViewController.swift */,
				495175F71C8130A600640007 /* SizeViewController.swift */,
				495175F91C81311500640007 /* MassViewController.swift */,
				495175FB1C81315300640007 /* CheeseViewController.swift */,
				131F95BF1C8296B00078F291 /* ToppingsViewController.swift */,
				49366C741C84D85600CAA985 /* ConfirmViewController.swift */,
			);
			name = Controllers;
			sourceTree = "<group>";
		};
		495175FD1C81321000640007 /* Models */ = {
			isa = PBXGroup;
			children = (
				495175FE1C81323600640007 /* Pizza.swift */,
				49AAFA361C82058E0094E4AF /* Data.swift */,
			);
			name = Models;
			sourceTree = "<group>";
		};
/* End PBXGroup section */

/* Begin PBXNativeTarget section */
		490FC8DF1C86483200BDB42E /* PizzaWatchOS */ = {
			isa = PBXNativeTarget;
			buildConfigurationList = 490FC9011C86483200BDB42E /* Build configuration list for PBXNativeTarget "PizzaWatchOS" */;
			buildPhases = (
				490FC8DE1C86483200BDB42E /* Resources */,
				490FC9001C86483200BDB42E /* Embed App Extensions */,
			);
			buildRules = (
			);
			dependencies = (
				490FC8EF1C86483200BDB42E /* PBXTargetDependency */,
			);
			name = PizzaWatchOS;
			productName = PizzaWatchOS;
			productReference = 490FC8E01C86483200BDB42E /* PizzaWatchOS.app */;
			productType = "com.apple.product-type.application.watchapp2";
		};
		490FC8EB1C86483200BDB42E /* PizzaWatchOS Extension */ = {
			isa = PBXNativeTarget;
			buildConfigurationList = 490FC8FF1C86483200BDB42E /* Build configuration list for PBXNativeTarget "PizzaWatchOS Extension" */;
			buildPhases = (
				490FC8E81C86483200BDB42E /* Sources */,
				490FC8E91C86483200BDB42E /* Frameworks */,
				490FC8EA1C86483200BDB42E /* Resources */,
			);
			buildRules = (
			);
			dependencies = (
			);
			name = "PizzaWatchOS Extension";
			productName = "PizzaWatchOS Extension";
			productReference = 490FC8EC1C86483200BDB42E /* PizzaWatchOS Extension.appex */;
			productType = "com.apple.product-type.watchkit2-extension";
		};
		495175E01C81240800640007 /* Pizza */ = {
			isa = PBXNativeTarget;
			buildConfigurationList = 495175F31C81240800640007 /* Build configuration list for PBXNativeTarget "Pizza" */;
			buildPhases = (
				495175DD1C81240800640007 /* Sources */,
				495175DE1C81240800640007 /* Frameworks */,
				495175DF1C81240800640007 /* Resources */,
				490FC9021C86483200BDB42E /* Embed Watch Content */,
			);
			buildRules = (
			);
			dependencies = (
				490FC8F91C86483200BDB42E /* PBXTargetDependency */,
			);
			name = Pizza;
			productName = Pizza;
			productReference = 495175E11C81240800640007 /* Pizza.app */;
			productType = "com.apple.product-type.application";
		};
/* End PBXNativeTarget section */

/* Begin PBXProject section */
		495175D91C81240800640007 /* Project object */ = {
			isa = PBXProject;
			attributes = {
				LastSwiftUpdateCheck = 0720;
				LastUpgradeCheck = 0720;
				ORGANIZATIONNAME = "Sergio Acosta";
				TargetAttributes = {
					490FC8DF1C86483200BDB42E = {
						CreatedOnToolsVersion = 7.2.1;
						DevelopmentTeam = L9B8JU68WF;
					};
					490FC8EB1C86483200BDB42E = {
						CreatedOnToolsVersion = 7.2.1;
					};
					495175E01C81240800640007 = {
						CreatedOnToolsVersion = 7.2.1;
						DevelopmentTeam = L9B8JU68WF;
					};
				};
			};
			buildConfigurationList = 495175DC1C81240800640007 /* Build configuration list for PBXProject "Pizza" */;
			compatibilityVersion = "Xcode 3.2";
			developmentRegion = English;
			hasScannedForEncodings = 0;
			knownRegions = (
				en,
				Base,
			);
			mainGroup = 495175D81C81240800640007;
			productRefGroup = 495175E21C81240800640007 /* Products */;
			projectDirPath = "";
			projectRoot = "";
			targets = (
				495175E01C81240800640007 /* Pizza */,
				490FC8DF1C86483200BDB42E /* PizzaWatchOS */,
				490FC8EB1C86483200BDB42E /* PizzaWatchOS Extension */,
			);
		};
/* End PBXProject section */

/* Begin PBXResourcesBuildPhase section */
		490FC8DE1C86483200BDB42E /* Resources */ = {
			isa = PBXResourcesBuildPhase;
			buildActionMask = 2147483647;
			files = (
				490FC8E61C86483200BDB42E /* Assets.xcassets in Resources */,
				490FC8E41C86483200BDB42E /* Interface.storyboard in Resources */,
			);
			runOnlyForDeploymentPostprocessing = 0;
		};
		490FC8EA1C86483200BDB42E /* Resources */ = {
			isa = PBXResourcesBuildPhase;
			buildActionMask = 2147483647;
			files = (
				490FC8F61C86483200BDB42E /* Assets.xcassets in Resources */,
			);
			runOnlyForDeploymentPostprocessing = 0;
		};
		495175DF1C81240800640007 /* Resources */ = {
			isa = PBXResourcesBuildPhase;
			buildActionMask = 2147483647;
			files = (
				495175EF1C81240800640007 /* LaunchScreen.storyboard in Resources */,
				495175EC1C81240800640007 /* Assets.xcassets in Resources */,
				495175EA1C81240800640007 /* Main.storyboard in Resources */,
			);
			runOnlyForDeploymentPostprocessing = 0;
		};
/* End PBXResourcesBuildPhase section */

/* Begin PBXSourcesBuildPhase section */
		490FC8E81C86483200BDB42E /* Sources */ = {
			isa = PBXSourcesBuildPhase;
			buildActionMask = 2147483647;
			files = (
				4912CAAC1C879EB000FA2EB3 /* ConfirmInterfaceController.swift in Sources */,
				490FC9041C864CFA00BDB42E /* Pizza.swift in Sources */,
				490FC8F41C86483200BDB42E /* ExtensionDelegate.swift in Sources */,
				490FC9061C86502E00BDB42E /* SizeInterfaceController.swift in Sources */,
				4912CAAA1C87448000FA2EB3 /* ToppingsTableRowController.swift in Sources */,
				490FC9031C864CF600BDB42E /* Data.swift in Sources */,
				490FC8F21C86483200BDB42E /* MainInterfaceController.swift in Sources */,
				4912CAB21C87D8C500FA2EB3 /* FinishInterfaceController.swift in Sources */,
				490FC90A1C86916A00BDB42E /* CheeseInterfaceController.swift in Sources */,
				490FC9081C868ACC00BDB42E /* MassInterfaceController.swift in Sources */,
				490FC90C1C86963D00BDB42E /* ToppingsInterfaceController.swift in Sources */,
			);
			runOnlyForDeploymentPostprocessing = 0;
		};
		495175DD1C81240800640007 /* Sources */ = {
			isa = PBXSourcesBuildPhase;
			buildActionMask = 2147483647;
			files = (
				49366C751C84D85600CAA985 /* ConfirmViewController.swift in Sources */,
				49AAFA371C82058E0094E4AF /* Data.swift in Sources */,
				495175E71C81240800640007 /* MainViewController.swift in Sources */,
				131F95C01C8296B00078F291 /* ToppingsViewController.swift in Sources */,
				495175FC1C81315300640007 /* CheeseViewController.swift in Sources */,
				495175FF1C81323600640007 /* Pizza.swift in Sources */,
				495175F81C8130A600640007 /* SizeViewController.swift in Sources */,
				495175FA1C81311500640007 /* MassViewController.swift in Sources */,
				495175E51C81240800640007 /* AppDelegate.swift in Sources */,
			);
			runOnlyForDeploymentPostprocessing = 0;
		};
/* End PBXSourcesBuildPhase section */

/* Begin PBXTargetDependency section */
		490FC8EF1C86483200BDB42E /* PBXTargetDependency */ = {
			isa = PBXTargetDependency;
			target = 490FC8EB1C86483200BDB42E /* PizzaWatchOS Extension */;
			targetProxy = 490FC8EE1C86483200BDB42E /* PBXContainerItemProxy */;
		};
		490FC8F91C86483200BDB42E /* PBXTargetDependency */ = {
			isa = PBXTargetDependency;
			target = 490FC8DF1C86483200BDB42E /* PizzaWatchOS */;
			targetProxy = 490FC8F81C86483200BDB42E /* PBXContainerItemProxy */;
		};
/* End PBXTargetDependency section */

/* Begin PBXVariantGroup section */
		490FC8E21C86483200BDB42E /* Interface.storyboard */ = {
			isa = PBXVariantGroup;
			children = (
				490FC8E31C86483200BDB42E /* Base */,
			);
			name = Interface.storyboard;
			sourceTree = "<group>";
		};
		495175E81C81240800640007 /* Main.storyboard */ = {
			isa = PBXVariantGroup;
			children = (
				495175E91C81240800640007 /* Base */,
			);
			name = Main.storyboard;
			sourceTree = "<group>";
		};
		495175ED1C81240800640007 /* LaunchScreen.storyboard */ = {
			isa = PBXVariantGroup;
			children = (
				495175EE1C81240800640007 /* Base */,
			);
			name = LaunchScreen.storyboard;
			sourceTree = "<group>";
		};
/* End PBXVariantGroup section */

/* Begin XCBuildConfiguration section */
		490FC8FB1C86483200BDB42E /* Debug */ = {
			isa = XCBuildConfiguration;
			buildSettings = {
				ASSETCATALOG_COMPILER_APPICON_NAME = AppIcon;
				CODE_SIGN_IDENTITY = "iPhone Developer";
				"CODE_SIGN_IDENTITY[sdk=iphoneos*]" = "iPhone Developer";
				EMBEDDED_CONTENT_CONTAINS_SWIFT = YES;
				IBSC_MODULE = PizzaWatchOS_Extension;
				INFOPLIST_FILE = PizzaWatchOS/Info.plist;
				PRODUCT_BUNDLE_IDENTIFIER = net.sergioacosta.Pizza.watchkitapp;
				PRODUCT_NAME = "$(TARGET_NAME)";
				SDKROOT = watchos;
				SKIP_INSTALL = YES;
				TARGETED_DEVICE_FAMILY = 4;
				WATCHOS_DEPLOYMENT_TARGET = 2.1;
			};
			name = Debug;
		};
		490FC8FC1C86483200BDB42E /* Release */ = {
			isa = XCBuildConfiguration;
			buildSettings = {
				ASSETCATALOG_COMPILER_APPICON_NAME = AppIcon;
				CODE_SIGN_IDENTITY = "iPhone Developer";
				"CODE_SIGN_IDENTITY[sdk=iphoneos*]" = "iPhone Developer";
				EMBEDDED_CONTENT_CONTAINS_SWIFT = YES;
				IBSC_MODULE = PizzaWatchOS_Extension;
				INFOPLIST_FILE = PizzaWatchOS/Info.plist;
				PRODUCT_BUNDLE_IDENTIFIER = net.sergioacosta.Pizza.watchkitapp;
				PRODUCT_NAME = "$(TARGET_NAME)";
				SDKROOT = watchos;
				SKIP_INSTALL = YES;
				TARGETED_DEVICE_FAMILY = 4;
				WATCHOS_DEPLOYMENT_TARGET = 2.1;
			};
			name = Release;
		};
		490FC8FD1C86483200BDB42E /* Debug */ = {
			isa = XCBuildConfiguration;
			buildSettings = {
				INFOPLIST_FILE = "PizzaWatchOS Extension/Info.plist";
				LD_RUNPATH_SEARCH_PATHS = "$(inherited) @executable_path/Frameworks @executable_path/../../Frameworks";
				PRODUCT_BUNDLE_IDENTIFIER = net.sergioacosta.Pizza.watchkitapp.watchkitextension;
				PRODUCT_NAME = "${TARGET_NAME}";
				SDKROOT = watchos;
				SKIP_INSTALL = YES;
				TARGETED_DEVICE_FAMILY = 4;
				WATCHOS_DEPLOYMENT_TARGET = 2.1;
			};
			name = Debug;
		};
		490FC8FE1C86483200BDB42E /* Release */ = {
			isa = XCBuildConfiguration;
			buildSettings = {
				INFOPLIST_FILE = "PizzaWatchOS Extension/Info.plist";
				LD_RUNPATH_SEARCH_PATHS = "$(inherited) @executable_path/Frameworks @executable_path/../../Frameworks";
				PRODUCT_BUNDLE_IDENTIFIER = net.sergioacosta.Pizza.watchkitapp.watchkitextension;
				PRODUCT_NAME = "${TARGET_NAME}";
				SDKROOT = watchos;
				SKIP_INSTALL = YES;
				TARGETED_DEVICE_FAMILY = 4;
				WATCHOS_DEPLOYMENT_TARGET = 2.1;
			};
			name = Release;
		};
		495175F11C81240800640007 /* Debug */ = {
			isa = XCBuildConfiguration;
			buildSettings = {
				ALWAYS_SEARCH_USER_PATHS = NO;
				CLANG_CXX_LANGUAGE_STANDARD = "gnu++0x";
				CLANG_CXX_LIBRARY = "libc++";
				CLANG_ENABLE_MODULES = YES;
				CLANG_ENABLE_OBJC_ARC = YES;
				CLANG_WARN_BOOL_CONVERSION = YES;
				CLANG_WARN_CONSTANT_CONVERSION = YES;
				CLANG_WARN_DIRECT_OBJC_ISA_USAGE = YES_ERROR;
				CLANG_WARN_EMPTY_BODY = YES;
				CLANG_WARN_ENUM_CONVERSION = YES;
				CLANG_WARN_INT_CONVERSION = YES;
				CLANG_WARN_OBJC_ROOT_CLASS = YES_ERROR;
				CLANG_WARN_UNREACHABLE_CODE = YES;
				CLANG_WARN__DUPLICATE_METHOD_MATCH = YES;
				"CODE_SIGN_IDENTITY[sdk=iphoneos*]" = "iPhone Developer";
				COPY_PHASE_STRIP = NO;
				DEBUG_INFORMATION_FORMAT = dwarf;
				ENABLE_STRICT_OBJC_MSGSEND = YES;
				ENABLE_TESTABILITY = YES;
				GCC_C_LANGUAGE_STANDARD = gnu99;
				GCC_DYNAMIC_NO_PIC = NO;
				GCC_NO_COMMON_BLOCKS = YES;
				GCC_OPTIMIZATION_LEVEL = 0;
				GCC_PREPROCESSOR_DEFINITIONS = (
					"DEBUG=1",
					"$(inherited)",
				);
				GCC_WARN_64_TO_32_BIT_CONVERSION = YES;
				GCC_WARN_ABOUT_RETURN_TYPE = YES_ERROR;
				GCC_WARN_UNDECLARED_SELECTOR = YES;
				GCC_WARN_UNINITIALIZED_AUTOS = YES_AGGRESSIVE;
				GCC_WARN_UNUSED_FUNCTION = YES;
				GCC_WARN_UNUSED_VARIABLE = YES;
				IPHONEOS_DEPLOYMENT_TARGET = 9.2;
				MTL_ENABLE_DEBUG_INFO = YES;
				ONLY_ACTIVE_ARCH = YES;
				SDKROOT = iphoneos;
				SWIFT_OPTIMIZATION_LEVEL = "-Onone";
			};
			name = Debug;
		};
		495175F21C81240800640007 /* Release */ = {
			isa = XCBuildConfiguration;
			buildSettings = {
				ALWAYS_SEARCH_USER_PATHS = NO;
				CLANG_CXX_LANGUAGE_STANDARD = "gnu++0x";
				CLANG_CXX_LIBRARY = "libc++";
				CLANG_ENABLE_MODULES = YES;
				CLANG_ENABLE_OBJC_ARC = YES;
				CLANG_WARN_BOOL_CONVERSION = YES;
				CLANG_WARN_CONSTANT_CONVERSION = YES;
				CLANG_WARN_DIRECT_OBJC_ISA_USAGE = YES_ERROR;
				CLANG_WARN_EMPTY_BODY = YES;
				CLANG_WARN_ENUM_CONVERSION = YES;
				CLANG_WARN_INT_CONVERSION = YES;
				CLANG_WARN_OBJC_ROOT_CLASS = YES_ERROR;
				CLANG_WARN_UNREACHABLE_CODE = YES;
				CLANG_WARN__DUPLICATE_METHOD_MATCH = YES;
				"CODE_SIGN_IDENTITY[sdk=iphoneos*]" = "iPhone Developer";
				COPY_PHASE_STRIP = NO;
				DEBUG_INFORMATION_FORMAT = "dwarf-with-dsym";
				ENABLE_NS_ASSERTIONS = NO;
				ENABLE_STRICT_OBJC_MSGSEND = YES;
				GCC_C_LANGUAGE_STANDARD = gnu99;
				GCC_NO_COMMON_BLOCKS = YES;
				GCC_WARN_64_TO_32_BIT_CONVERSION = YES;
				GCC_WARN_ABOUT_RETURN_TYPE = YES_ERROR;
				GCC_WARN_UNDECLARED_SELECTOR = YES;
				GCC_WARN_UNINITIALIZED_AUTOS = YES_AGGRESSIVE;
				GCC_WARN_UNUSED_FUNCTION = YES;
				GCC_WARN_UNUSED_VARIABLE = YES;
				IPHONEOS_DEPLOYMENT_TARGET = 9.2;
				MTL_ENABLE_DEBUG_INFO = NO;
				SDKROOT = iphoneos;
				VALIDATE_PRODUCT = YES;
			};
			name = Release;
		};
		495175F41C81240800640007 /* Debug */ = {
			isa = XCBuildConfiguration;
			buildSettings = {
				ASSETCATALOG_COMPILER_APPICON_NAME = AppIcon;
				CODE_SIGN_IDENTITY = "";
				"CODE_SIGN_IDENTITY[sdk=iphoneos*]" = "";
				INFOPLIST_FILE = Pizza/Info.plist;
				LD_RUNPATH_SEARCH_PATHS = "$(inherited) @executable_path/Frameworks";
				PRODUCT_BUNDLE_IDENTIFIER = net.sergioacosta.Pizza;
				PRODUCT_NAME = "$(TARGET_NAME)";
				PROVISIONING_PROFILE = "";
			};
			name = Debug;
		};
		495175F51C81240800640007 /* Release */ = {
			isa = XCBuildConfiguration;
			buildSettings = {
				ASSETCATALOG_COMPILER_APPICON_NAME = AppIcon;
				CODE_SIGN_IDENTITY = "";
				"CODE_SIGN_IDENTITY[sdk=iphoneos*]" = "";
				INFOPLIST_FILE = Pizza/Info.plist;
				LD_RUNPATH_SEARCH_PATHS = "$(inherited) @executable_path/Frameworks";
				PRODUCT_BUNDLE_IDENTIFIER = net.sergioacosta.Pizza;
				PRODUCT_NAME = "$(TARGET_NAME)";
				PROVISIONING_PROFILE = "";
			};
			name = Release;
		};
/* End XCBuildConfiguration section */

/* Begin XCConfigurationList section */
		490FC8FF1C86483200BDB42E /* Build configuration list for PBXNativeTarget "PizzaWatchOS Extension" */ = {
			isa = XCConfigurationList;
			buildConfigurations = (
				490FC8FD1C86483200BDB42E /* Debug */,
				490FC8FE1C86483200BDB42E /* Release */,
			);
			defaultConfigurationIsVisible = 0;
			defaultConfigurationName = Release;
		};
		490FC9011C86483200BDB42E /* Build configuration list for PBXNativeTarget "PizzaWatchOS" */ = {
			isa = XCConfigurationList;
			buildConfigurations = (
				490FC8FB1C86483200BDB42E /* Debug */,
				490FC8FC1C86483200BDB42E /* Release */,
			);
			defaultConfigurationIsVisible = 0;
			defaultConfigurationName = Release;
		};
		495175DC1C81240800640007 /* Build configuration list for PBXProject "Pizza" */ = {
			isa = XCConfigurationList;
			buildConfigurations = (
				495175F11C81240800640007 /* Debug */,
				495175F21C81240800640007 /* Release */,
			);
			defaultConfigurationIsVisible = 0;
			defaultConfigurationName = Release;
		};
		495175F31C81240800640007 /* Build configuration list for PBXNativeTarget "Pizza" */ = {
			isa = XCConfigurationList;
			buildConfigurations = (
				495175F41C81240800640007 /* Debug */,
				495175F51C81240800640007 /* Release */,
			);
			defaultConfigurationIsVisible = 0;
			defaultConfigurationName = Release;
		};
/* End XCConfigurationList section */
	};
	rootObject = 495175D91C81240800640007 /* Project object */;
}
